
Microsoft Visual Studio Solution File, Format Version 12.00
# Visual Studio 15
VisualStudioVersion = 15.0.26228.4
MinimumVisualStudioVersion = 10.0.40219.1
Project("{FAE04EC0-301F-11D3-BF4B-00C04F79EFBC}") = "HellionExtendedServer", "HellionExtendedServer\HellionExtendedServer.csproj", "{C0A148D5-62E4-40DC-BB91-F20D76BBD215}"
EndProject
Project("{FAE04EC0-301F-11D3-BF4B-00C04F79EFBC}") = "HellionExtendedServer_ref", "..\Repository\HellionExtendedServer\HellionExtendedServer - mark2\HellionExtendedServer_ref\HellionExtendedServer_ref.csproj", "{C0C5B3FF-D475-4237-AB7D-69851F591A22}"
EndProject
Project("{FAE04EC0-301F-11D3-BF4B-00C04F79EFBC}") = "HellionExtendedServer.Common", "HellionExtendedServer.Common\HellionExtendedServer.Common.csproj", "{4EC8860C-C353-443D-B9E6-D7615DB212BA}"
EndProject
Project("{FAE04EC0-301F-11D3-BF4B-00C04F79EFBC}") = "HellionExtendedServer.Manager", "HellionExtendedServer.Manager\HellionExtendedServer.Manager.csproj", "{776905C2-EDB8-4A24-B273-27004167E660}"
EndProject
Global
	GlobalSection(SolutionConfigurationPlatforms) = preSolution
		Debug|Any CPU = Debug|Any CPU
		Debug|x64 = Debug|x64
		Debug|x86 = Debug|x86
		Release|Any CPU = Release|Any CPU
		Release|x64 = Release|x64
		Release|x86 = Release|x86
	EndGlobalSection
	GlobalSection(ProjectConfigurationPlatforms) = postSolution
		{C0A148D5-62E4-40DC-BB91-F20D76BBD215}.Debug|Any CPU.ActiveCfg = Debug|Any CPU
		{C0A148D5-62E4-40DC-BB91-F20D76BBD215}.Debug|Any CPU.Build.0 = Debug|Any CPU
		{C0A148D5-62E4-40DC-BB91-F20D76BBD215}.Debug|x64.ActiveCfg = Debug|Any CPU
		{C0A148D5-62E4-40DC-BB91-F20D76BBD215}.Debug|x64.Build.0 = Debug|Any CPU
		{C0A148D5-62E4-40DC-BB91-F20D76BBD215}.Debug|x86.ActiveCfg = Debug|Any CPU
		{C0A148D5-62E4-40DC-BB91-F20D76BBD215}.Debug|x86.Build.0 = Debug|Any CPU
		{C0A148D5-62E4-40DC-BB91-F20D76BBD215}.Release|Any CPU.ActiveCfg = Release|Any CPU
		{C0A148D5-62E4-40DC-BB91-F20D76BBD215}.Release|Any CPU.Build.0 = Release|Any CPU
		{C0A148D5-62E4-40DC-BB91-F20D76BBD215}.Release|x64.ActiveCfg = Release|Any CPU
		{C0A148D5-62E4-40DC-BB91-F20D76BBD215}.Release|x64.Build.0 = Release|Any CPU
		{C0A148D5-62E4-40DC-BB91-F20D76BBD215}.Release|x86.ActiveCfg = Release|Any CPU
		{C0A148D5-62E4-40DC-BB91-F20D76BBD215}.Release|x86.Build.0 = Release|Any CPU
		{C0C5B3FF-D475-4237-AB7D-69851F591A22}.Debug|Any CPU.ActiveCfg = Debug|Any CPU
		{C0C5B3FF-D475-4237-AB7D-69851F591A22}.Debug|x64.ActiveCfg = Debug|x64
		{C0C5B3FF-D475-4237-AB7D-69851F591A22}.Debug|x86.ActiveCfg = Debug|x86
		{C0C5B3FF-D475-4237-AB7D-69851F591A22}.Debug|x86.Build.0 = Debug|x86
		{C0C5B3FF-D475-4237-AB7D-69851F591A22}.Release|Any CPU.ActiveCfg = Release|Any CPU
		{C0C5B3FF-D475-4237-AB7D-69851F591A22}.Release|Any CPU.Build.0 = Release|Any CPU
		{C0C5B3FF-D475-4237-AB7D-69851F591A22}.Release|x64.ActiveCfg = Release|x64
		{C0C5B3FF-D475-4237-AB7D-69851F591A22}.Release|x64.Build.0 = Release|x64
		{C0C5B3FF-D475-4237-AB7D-69851F591A22}.Release|x86.ActiveCfg = Release|x86
		{C0C5B3FF-D475-4237-AB7D-69851F591A22}.Release|x86.Build.0 = Release|x86
		{4EC8860C-C353-443D-B9E6-D7615DB212BA}.Debug|Any CPU.ActiveCfg = Debug|Any CPU
		{4EC8860C-C353-443D-B9E6-D7615DB212BA}.Debug|Any CPU.Build.0 = Debug|Any CPU
		{4EC8860C-C353-443D-B9E6-D7615DB212BA}.Debug|x64.ActiveCfg = Debug|Any CPU
		{4EC8860C-C353-443D-B9E6-D7615DB212BA}.Debug|x64.Build.0 = Debug|Any CPU
		{4EC8860C-C353-443D-B9E6-D7615DB212BA}.Debug|x86.ActiveCfg = Debug|Any CPU
		{4EC8860C-C353-443D-B9E6-D7615DB212BA}.Debug|x86.Build.0 = Debug|Any CPU
		{4EC8860C-C353-443D-B9E6-D7615DB212BA}.Release|Any CPU.ActiveCfg = Release|Any CPU
		{4EC8860C-C353-443D-B9E6-D7615DB212BA}.Release|Any CPU.Build.0 = Release|Any CPU
		{4EC8860C-C353-443D-B9E6-D7615DB212BA}.Release|x64.ActiveCfg = Release|Any CPU
		{4EC8860C-C353-443D-B9E6-D7615DB212BA}.Release|x64.Build.0 = Release|Any CPU
		{4EC8860C-C353-443D-B9E6-D7615DB212BA}.Release|x86.ActiveCfg = Release|Any CPU
		{4EC8860C-C353-443D-B9E6-D7615DB212BA}.Release|x86.Build.0 = Release|Any CPU
		{776905C2-EDB8-4A24-B273-27004167E660}.Debug|Any CPU.ActiveCfg = Debug|Any CPU
		{776905C2-EDB8-4A24-B273-27004167E660}.Debug|Any CPU.Build.0 = Debug|Any CPU
		{776905C2-EDB8-4A24-B273-27004167E660}.Debug|x64.ActiveCfg = Debug|Any CPU
		{776905C2-EDB8-4A24-B273-27004167E660}.Debug|x64.Build.0 = Debug|Any CPU
		{776905C2-EDB8-4A24-B273-27004167E660}.Debug|x86.ActiveCfg = Debug|Any CPU
		{776905C2-EDB8-4A24-B273-27004167E660}.Debug|x86.Build.0 = Debug|Any CPU
		{776905C2-EDB8-4A24-B273-27004167E660}.Release|Any CPU.ActiveCfg = Release|Any CPU
		{776905C2-EDB8-4A24-B273-27004167E660}.Release|Any CPU.Build.0 = Release|Any CPU
		{776905C2-EDB8-4A24-B273-27004167E660}.Release|x64.ActiveCfg = Release|Any CPU
		{776905C2-EDB8-4A24-B273-27004167E660}.Release|x64.Build.0 = Release|Any CPU
		{776905C2-EDB8-4A24-B273-27004167E660}.Release|x86.ActiveCfg = Release|Any CPU
		{776905C2-EDB8-4A24-B273-27004167E660}.Release|x86.Build.0 = Release|Any CPU
	EndGlobalSection
	GlobalSection(SolutionProperties) = preSolution
		HideSolutionNode = FALSE
	EndGlobalSection
EndGlobal
